
Microsoft Visual Studio Solution File, Format Version 12.00
# Visual Studio Version 17
VisualStudioVersion = 17.4.33110.190
MinimumVisualStudioVersion = 10.0.40219.1
Project("{FAE04EC0-301F-11D3-BF4B-00C04F79EFBC}") = "TelefonRehberi.Core", "TelefonRehberi.Core\TelefonRehberi.Core.csproj", "{2382B715-D4C3-46FB-BC99-91018C19AE70}"
EndProject
Project("{FAE04EC0-301F-11D3-BF4B-00C04F79EFBC}") = "TelefonRehberi.BLL", "TelefonRehberi.BLL\TelefonRehberi.BLL.csproj", "{5D6D97AB-D481-407E-827D-8945E2DA8E04}"
EndProject
Project("{FAE04EC0-301F-11D3-BF4B-00C04F79EFBC}") = "TelefonRehberi.Entities", "TelefonRehberi.Entities\TelefonRehberi.Entities.csproj", "{989005E0-0969-4D31-BB47-49FF97763BC5}"
EndProject
Project("{FAE04EC0-301F-11D3-BF4B-00C04F79EFBC}") = "WFUI", "WFUI\WFUI.csproj", "{466D149E-84AD-417F-A621-6FF0EB65FAB2}"
EndProject
Global
	GlobalSection(SolutionConfigurationPlatforms) = preSolution
		Debug|Any CPU = Debug|Any CPU
		Release|Any CPU = Release|Any CPU
	EndGlobalSection
	GlobalSection(ProjectConfigurationPlatforms) = postSolution
		{2382B715-D4C3-46FB-BC99-91018C19AE70}.Debug|Any CPU.ActiveCfg = Debug|Any CPU
		{2382B715-D4C3-46FB-BC99-91018C19AE70}.Debug|Any CPU.Build.0 = Debug|Any CPU
		{2382B715-D4C3-46FB-BC99-91018C19AE70}.Release|Any CPU.ActiveCfg = Release|Any CPU
		{2382B715-D4C3-46FB-BC99-91018C19AE70}.Release|Any CPU.Build.0 = Release|Any CPU
		{5D6D97AB-D481-407E-827D-8945E2DA8E04}.Debug|Any CPU.ActiveCfg = Debug|Any CPU
		{5D6D97AB-D481-407E-827D-8945E2DA8E04}.Debug|Any CPU.Build.0 = Debug|Any CPU
		{5D6D97AB-D481-407E-827D-8945E2DA8E04}.Release|Any CPU.ActiveCfg = Release|Any CPU
		{5D6D97AB-D481-407E-827D-8945E2DA8E04}.Release|Any CPU.Build.0 = Release|Any CPU
		{989005E0-0969-4D31-BB47-49FF97763BC5}.Debug|Any CPU.ActiveCfg = Debug|Any CPU
		{989005E0-0969-4D31-BB47-49FF97763BC5}.Debug|Any CPU.Build.0 = Debug|Any CPU
		{989005E0-0969-4D31-BB47-49FF97763BC5}.Release|Any CPU.ActiveCfg = Release|Any CPU
		{989005E0-0969-4D31-BB47-49FF97763BC5}.Release|Any CPU.Build.0 = Release|Any CPU
		{466D149E-84AD-417F-A621-6FF0EB65FAB2}.Debug|Any CPU.ActiveCfg = Debug|Any CPU
		{466D149E-84AD-417F-A621-6FF0EB65FAB2}.Debug|Any CPU.Build.0 = Debug|Any CPU
		{466D149E-84AD-417F-A621-6FF0EB65FAB2}.Release|Any CPU.ActiveCfg = Release|Any CPU
		{466D149E-84AD-417F-A621-6FF0EB65FAB2}.Release|Any CPU.Build.0 = Release|Any CPU
	EndGlobalSection
	GlobalSection(SolutionProperties) = preSolution
		HideSolutionNode = FALSE
	EndGlobalSection
	GlobalSection(ExtensibilityGlobals) = postSolution
		SolutionGuid = {32967938-76FC-4480-84AB-00EAB36B60F0}
	EndGlobalSection
EndGlobal
